
Microsoft Visual Studio Solution File, Format Version 12.00
# Visual Studio Version 17
VisualStudioVersion = 17.4.33205.214
MinimumVisualStudioVersion = 10.0.40219.1
Project("{9A19103F-16F7-4668-BE54-9A1E7A4F7556}") = "Redistest", "Redistest.csproj", "{744A2287-7C3B-46C9-976E-33C66045ECF5}"
EndProject
Global
	GlobalSection(SolutionConfigurationPlatforms) = preSolution
		Debug|Any CPU = Debug|Any CPU
		Release|Any CPU = Release|Any CPU
	EndGlobalSection
	GlobalSection(ProjectConfigurationPlatforms) = postSolution
		{744A2287-7C3B-46C9-976E-33C66045ECF5}.Debug|Any CPU.ActiveCfg = Debug|Any CPU
		{744A2287-7C3B-46C9-976E-33C66045ECF5}.Debug|Any CPU.Build.0 = Debug|Any CPU
		{744A2287-7C3B-46C9-976E-33C66045ECF5}.Release|Any CPU.ActiveCfg = Release|Any CPU
		{744A2287-7C3B-46C9-976E-33C66045ECF5}.Release|Any CPU.Build.0 = Release|Any CPU
	EndGlobalSection
	GlobalSection(SolutionProperties) = preSolution
		HideSolutionNode = FALSE
	EndGlobalSection
	GlobalSection(ExtensibilityGlobals) = postSolution
		SolutionGuid = {CB6F32E3-909C-41FA-8D37-B2E3AFCF0010}
	EndGlobalSection
EndGlobal
